
Microsoft Visual Studio Solution File, Format Version 12.00
# Visual Studio Version 16
VisualStudioVersion = 16.0.30907.101
MinimumVisualStudioVersion = 10.0.40219.1
Project("{8BC9CEB8-8B4A-11D0-8D11-00A0C91BC942}") = "CourseworkDemo", "OpenGLTemplate\OpenGLTemplate.vcxproj", "{5F934CE0-80A0-4B54-8AEC-F5E979A66400}"
	ProjectSection(ProjectDependencies) = postProject
		{D0ACC0B1-F740-46C6-8431-0F2B2D9774F1} = {D0ACC0B1-F740-46C6-8431-0F2B2D9774F1}
	EndProjectSection
EndProject
Project("{8BC9CEB8-8B4A-11D0-8D11-00A0C91BC942}") = "Gamelib", "Gamelib\Gamelib.vcxproj", "{D0ACC0B1-F740-46C6-8431-0F2B2D9774F1}"
EndProject
Project("{8BC9CEB8-8B4A-11D0-8D11-00A0C91BC942}") = "Stulib", "Stulib\Stulib.vcxproj", "{84F63F31-2771-4AB4-966C-5F9A6E901C07}"
EndProject
Project("{8BC9CEB8-8B4A-11D0-8D11-00A0C91BC942}") = "cgtlib", "cgtlib\cgtlib.vcxproj", "{98414A2E-3BBB-4276-8077-6DD949C2B66A}"
EndProject
Project("{8BC9CEB8-8B4A-11D0-8D11-00A0C91BC942}") = "Stulib2", "Stulib2\Stulib2.vcxproj", "{35BA345B-1A07-4A44-A805-0417E0F8AAF9}"
EndProject
Project("{8BC9CEB8-8B4A-11D0-8D11-00A0C91BC942}") = "OpenGL2 - Basic Shaders", "OpenGL2\OpenGL.vcxproj", "{00425B4C-4F69-44AF-8B6C-69C0A9A67595}"
EndProject
Project("{8BC9CEB8-8B4A-11D0-8D11-00A0C91BC942}") = "OpenGL1 - Base App", "OpenGL1\OpenGL1.vcxproj", "{37C66BB0-402A-41A7-AB6F-73023A10AAD0}"
EndProject
Project("{8BC9CEB8-8B4A-11D0-8D11-00A0C91BC942}") = "OpenGL3 - gl_VertexID", "OpenGL3\OpenGL3.vcxproj", "{EFB7A9CB-7238-42E4-97B5-3FDD8D3F5DF4}"
EndProject
Project("{8BC9CEB8-8B4A-11D0-8D11-00A0C91BC942}") = "OpenGL4 - Triangle with gl_VertexID", "OpenGL4\OpenGL4.vcxproj.vcxproj", "{0F2F2549-5E61-49B3-9B38-AB74BE31BB5F}"
EndProject
Project("{2150E333-8FDC-42A3-9474-1A3956D46DE8}") = "Solution Items", "Solution Items", "{ED096D72-B4A2-4D4B-B4AB-A608C17A7E28}"
	ProjectSection(SolutionItems) = preProject
		Readme.txt = Readme.txt
	EndProjectSection
EndProject
Project("{8BC9CEB8-8B4A-11D0-8D11-00A0C91BC942}") = "OpenGL5 - Simple Vertex Attribute Update", "OpenGL5\OpenGL5.vcxproj", "{667FAD3E-396D-4D17-B42A-89DCB15C8D8F}"
EndProject
Project("{8BC9CEB8-8B4A-11D0-8D11-00A0C91BC942}") = "OpenGL6 - Pass interface variables between shaders", "OpenGL6\OpenGL6.vcxproj", "{2B6C8C37-161E-409D-8498-4EEB72DC5860}"
EndProject
Project("{8BC9CEB8-8B4A-11D0-8D11-00A0C91BC942}") = "OpenGL7 - Interface block variables", "OpenGL7\OpenGL7.vcxproj", "{0329CE94-486D-4152-AD42-E2D5A8800385}"
EndProject
Project("{8BC9CEB8-8B4A-11D0-8D11-00A0C91BC942}") = "OpenGL8 - Tesselation (Not working yet)", "OpenGL8\OpenGL8.vcxproj", "{A004335C-41E5-4906-8A4E-364F50770A01}"
EndProject
Project("{8BC9CEB8-8B4A-11D0-8D11-00A0C91BC942}") = "OpenGL9 - gl_FragCoord", "OpenGL9\OpenGL9.vcxproj", "{13EA30E9-405F-44DF-BCE5-0FEA1BB0FF03}"
EndProject
Project("{8BC9CEB8-8B4A-11D0-8D11-00A0C91BC942}") = "OpenGL10 - Fragment Shader Interpolates", "OpenGL10\OpenGL10.vcxproj", "{D04EDFCA-D3F0-44AB-BD80-616C1943E2C9}"
EndProject
Project("{8BC9CEB8-8B4A-11D0-8D11-00A0C91BC942}") = "OpenGL11 - Empty Compute Shader", "OpenGL11\OpenGL11.vcxproj", "{FF6AD11F-6E5A-4BEF-BC08-4732670919FA}"
EndProject
Project("{8BC9CEB8-8B4A-11D0-8D11-00A0C91BC942}") = "OpenGL12 - Basic Buffers", "OpenGL12\OpenGL12.vcxproj", "{3D20C75E-9CB3-48B2-A9E1-C35F404B071E}"
EndProject
Project("{8BC9CEB8-8B4A-11D0-8D11-00A0C91BC942}") = "OpenGL13 - glMapBufferRange", "OpenGL13\OpenGL13.vcxproj", "{1A601449-2B79-4784-B629-436AF1E20945}"
EndProject
Project("{8BC9CEB8-8B4A-11D0-8D11-00A0C91BC942}") = "OpenGL14 - Filling vertex attributes data from buffer", "OpenGL14\OpenGL14.vcxproj", "{FBBDE5B6-E509-4A1A-B7B8-64215D110074}"
EndProject
Project("{8BC9CEB8-8B4A-11D0-8D11-00A0C91BC942}") = "OpenGL15 - Filling multiple vertex attributes", "OpenGL15\OpenGL15.vcxproj", "{E03A6404-1A36-463B-92BD-A9F786F16919}"
EndProject
Project("{8BC9CEB8-8B4A-11D0-8D11-00A0C91BC942}") = "OpenGL16 - Interleaved vertex buffer", "OpenGL16\OpenGL16.vcxproj", "{BD4158D2-164A-4622-9549-F25D93B82F02}"
EndProject
Global
	GlobalSection(SolutionConfigurationPlatforms) = preSolution
		Debug|x64 = Debug|x64
		Debug|x86 = Debug|x86
		Release|x64 = Release|x64
		Release|x86 = Release|x86
	EndGlobalSection
	GlobalSection(ProjectConfigurationPlatforms) = postSolution
		{5F934CE0-80A0-4B54-8AEC-F5E979A66400}.Debug|x64.ActiveCfg = Debug|x64
		{5F934CE0-80A0-4B54-8AEC-F5E979A66400}.Debug|x64.Build.0 = Debug|x64
		{5F934CE0-80A0-4B54-8AEC-F5E979A66400}.Debug|x86.ActiveCfg = Debug|Win32
		{5F934CE0-80A0-4B54-8AEC-F5E979A66400}.Debug|x86.Build.0 = Debug|Win32
		{5F934CE0-80A0-4B54-8AEC-F5E979A66400}.Release|x64.ActiveCfg = Release|x64
		{5F934CE0-80A0-4B54-8AEC-F5E979A66400}.Release|x64.Build.0 = Release|x64
		{5F934CE0-80A0-4B54-8AEC-F5E979A66400}.Release|x86.ActiveCfg = Release|Win32
		{5F934CE0-80A0-4B54-8AEC-F5E979A66400}.Release|x86.Build.0 = Release|Win32
		{D0ACC0B1-F740-46C6-8431-0F2B2D9774F1}.Debug|x64.ActiveCfg = Debug|x64
		{D0ACC0B1-F740-46C6-8431-0F2B2D9774F1}.Debug|x64.Build.0 = Debug|x64
		{D0ACC0B1-F740-46C6-8431-0F2B2D9774F1}.Debug|x86.ActiveCfg = Debug|Win32
		{D0ACC0B1-F740-46C6-8431-0F2B2D9774F1}.Debug|x86.Build.0 = Debug|Win32
		{D0ACC0B1-F740-46C6-8431-0F2B2D9774F1}.Release|x64.ActiveCfg = Release|x64
		{D0ACC0B1-F740-46C6-8431-0F2B2D9774F1}.Release|x64.Build.0 = Release|x64
		{D0ACC0B1-F740-46C6-8431-0F2B2D9774F1}.Release|x86.ActiveCfg = Release|Win32
		{D0ACC0B1-F740-46C6-8431-0F2B2D9774F1}.Release|x86.Build.0 = Release|Win32
		{84F63F31-2771-4AB4-966C-5F9A6E901C07}.Debug|x64.ActiveCfg = Debug|x64
		{84F63F31-2771-4AB4-966C-5F9A6E901C07}.Debug|x64.Build.0 = Debug|x64
		{84F63F31-2771-4AB4-966C-5F9A6E901C07}.Debug|x86.ActiveCfg = Debug|Win32
		{84F63F31-2771-4AB4-966C-5F9A6E901C07}.Debug|x86.Build.0 = Debug|Win32
		{84F63F31-2771-4AB4-966C-5F9A6E901C07}.Release|x64.ActiveCfg = Release|x64
		{84F63F31-2771-4AB4-966C-5F9A6E901C07}.Release|x64.Build.0 = Release|x64
		{84F63F31-2771-4AB4-966C-5F9A6E901C07}.Release|x86.ActiveCfg = Release|Win32
		{84F63F31-2771-4AB4-966C-5F9A6E901C07}.Release|x86.Build.0 = Release|Win32
		{98414A2E-3BBB-4276-8077-6DD949C2B66A}.Debug|x64.ActiveCfg = Debug|x64
		{98414A2E-3BBB-4276-8077-6DD949C2B66A}.Debug|x64.Build.0 = Debug|x64
		{98414A2E-3BBB-4276-8077-6DD949C2B66A}.Debug|x86.ActiveCfg = Debug|Win32
		{98414A2E-3BBB-4276-8077-6DD949C2B66A}.Debug|x86.Build.0 = Debug|Win32
		{98414A2E-3BBB-4276-8077-6DD949C2B66A}.Release|x64.ActiveCfg = Release|x64
		{98414A2E-3BBB-4276-8077-6DD949C2B66A}.Release|x64.Build.0 = Release|x64
		{98414A2E-3BBB-4276-8077-6DD949C2B66A}.Release|x86.ActiveCfg = Release|Win32
		{98414A2E-3BBB-4276-8077-6DD949C2B66A}.Release|x86.Build.0 = Release|Win32
		{35BA345B-1A07-4A44-A805-0417E0F8AAF9}.Debug|x64.ActiveCfg = Debug|x64
		{35BA345B-1A07-4A44-A805-0417E0F8AAF9}.Debug|x64.Build.0 = Debug|x64
		{35BA345B-1A07-4A44-A805-0417E0F8AAF9}.Debug|x86.ActiveCfg = Debug|Win32
		{35BA345B-1A07-4A44-A805-0417E0F8AAF9}.Debug|x86.Build.0 = Debug|Win32
		{35BA345B-1A07-4A44-A805-0417E0F8AAF9}.Release|x64.ActiveCfg = Release|x64
		{35BA345B-1A07-4A44-A805-0417E0F8AAF9}.Release|x64.Build.0 = Release|x64
		{35BA345B-1A07-4A44-A805-0417E0F8AAF9}.Release|x86.ActiveCfg = Release|Win32
		{35BA345B-1A07-4A44-A805-0417E0F8AAF9}.Release|x86.Build.0 = Release|Win32
		{00425B4C-4F69-44AF-8B6C-69C0A9A67595}.Debug|x64.ActiveCfg = Debug|x64
		{00425B4C-4F69-44AF-8B6C-69C0A9A67595}.Debug|x64.Build.0 = Debug|x64
		{00425B4C-4F69-44AF-8B6C-69C0A9A67595}.Debug|x86.ActiveCfg = Debug|Win32
		{00425B4C-4F69-44AF-8B6C-69C0A9A67595}.Debug|x86.Build.0 = Debug|Win32
		{00425B4C-4F69-44AF-8B6C-69C0A9A67595}.Release|x64.ActiveCfg = Release|x64
		{00425B4C-4F69-44AF-8B6C-69C0A9A67595}.Release|x64.Build.0 = Release|x64
		{00425B4C-4F69-44AF-8B6C-69C0A9A67595}.Release|x86.ActiveCfg = Release|Win32
		{00425B4C-4F69-44AF-8B6C-69C0A9A67595}.Release|x86.Build.0 = Release|Win32
		{37C66BB0-402A-41A7-AB6F-73023A10AAD0}.Debug|x64.ActiveCfg = Debug|x64
		{37C66BB0-402A-41A7-AB6F-73023A10AAD0}.Debug|x64.Build.0 = Debug|x64
		{37C66BB0-402A-41A7-AB6F-73023A10AAD0}.Debug|x86.ActiveCfg = Debug|Win32
		{37C66BB0-402A-41A7-AB6F-73023A10AAD0}.Debug|x86.Build.0 = Debug|Win32
		{37C66BB0-402A-41A7-AB6F-73023A10AAD0}.Release|x64.ActiveCfg = Release|x64
		{37C66BB0-402A-41A7-AB6F-73023A10AAD0}.Release|x64.Build.0 = Release|x64
		{37C66BB0-402A-41A7-AB6F-73023A10AAD0}.Release|x86.ActiveCfg = Release|Win32
		{37C66BB0-402A-41A7-AB6F-73023A10AAD0}.Release|x86.Build.0 = Release|Win32
		{EFB7A9CB-7238-42E4-97B5-3FDD8D3F5DF4}.Debug|x64.ActiveCfg = Debug|x64
		{EFB7A9CB-7238-42E4-97B5-3FDD8D3F5DF4}.Debug|x64.Build.0 = Debug|x64
		{EFB7A9CB-7238-42E4-97B5-3FDD8D3F5DF4}.Debug|x86.ActiveCfg = Debug|Win32
		{EFB7A9CB-7238-42E4-97B5-3FDD8D3F5DF4}.Debug|x86.Build.0 = Debug|Win32
		{EFB7A9CB-7238-42E4-97B5-3FDD8D3F5DF4}.Release|x64.ActiveCfg = Release|x64
		{EFB7A9CB-7238-42E4-97B5-3FDD8D3F5DF4}.Release|x64.Build.0 = Release|x64
		{EFB7A9CB-7238-42E4-97B5-3FDD8D3F5DF4}.Release|x86.ActiveCfg = Release|Win32
		{EFB7A9CB-7238-42E4-97B5-3FDD8D3F5DF4}.Release|x86.Build.0 = Release|Win32
		{0F2F2549-5E61-49B3-9B38-AB74BE31BB5F}.Debug|x64.ActiveCfg = Debug|x64
		{0F2F2549-5E61-49B3-9B38-AB74BE31BB5F}.Debug|x64.Build.0 = Debug|x64
		{0F2F2549-5E61-49B3-9B38-AB74BE31BB5F}.Debug|x86.ActiveCfg = Debug|Win32
		{0F2F2549-5E61-49B3-9B38-AB74BE31BB5F}.Debug|x86.Build.0 = Debug|Win32
		{0F2F2549-5E61-49B3-9B38-AB74BE31BB5F}.Release|x64.ActiveCfg = Release|x64
		{0F2F2549-5E61-49B3-9B38-AB74BE31BB5F}.Release|x64.Build.0 = Release|x64
		{0F2F2549-5E61-49B3-9B38-AB74BE31BB5F}.Release|x86.ActiveCfg = Release|Win32
		{0F2F2549-5E61-49B3-9B38-AB74BE31BB5F}.Release|x86.Build.0 = Release|Win32
		{667FAD3E-396D-4D17-B42A-89DCB15C8D8F}.Debug|x64.ActiveCfg = Debug|x64
		{667FAD3E-396D-4D17-B42A-89DCB15C8D8F}.Debug|x64.Build.0 = Debug|x64
		{667FAD3E-396D-4D17-B42A-89DCB15C8D8F}.Debug|x86.ActiveCfg = Debug|Win32
		{667FAD3E-396D-4D17-B42A-89DCB15C8D8F}.Debug|x86.Build.0 = Debug|Win32
		{667FAD3E-396D-4D17-B42A-89DCB15C8D8F}.Release|x64.ActiveCfg = Release|x64
		{667FAD3E-396D-4D17-B42A-89DCB15C8D8F}.Release|x64.Build.0 = Release|x64
		{667FAD3E-396D-4D17-B42A-89DCB15C8D8F}.Release|x86.ActiveCfg = Release|Win32
		{667FAD3E-396D-4D17-B42A-89DCB15C8D8F}.Release|x86.Build.0 = Release|Win32
		{2B6C8C37-161E-409D-8498-4EEB72DC5860}.Debug|x64.ActiveCfg = Debug|x64
		{2B6C8C37-161E-409D-8498-4EEB72DC5860}.Debug|x64.Build.0 = Debug|x64
		{2B6C8C37-161E-409D-8498-4EEB72DC5860}.Debug|x86.ActiveCfg = Debug|Win32
		{2B6C8C37-161E-409D-8498-4EEB72DC5860}.Debug|x86.Build.0 = Debug|Win32
		{2B6C8C37-161E-409D-8498-4EEB72DC5860}.Release|x64.ActiveCfg = Release|x64
		{2B6C8C37-161E-409D-8498-4EEB72DC5860}.Release|x64.Build.0 = Release|x64
		{2B6C8C37-161E-409D-8498-4EEB72DC5860}.Release|x86.ActiveCfg = Release|Win32
		{2B6C8C37-161E-409D-8498-4EEB72DC5860}.Release|x86.Build.0 = Release|Win32
		{0329CE94-486D-4152-AD42-E2D5A8800385}.Debug|x64.ActiveCfg = Debug|x64
		{0329CE94-486D-4152-AD42-E2D5A8800385}.Debug|x64.Build.0 = Debug|x64
		{0329CE94-486D-4152-AD42-E2D5A8800385}.Debug|x86.ActiveCfg = Debug|Win32
		{0329CE94-486D-4152-AD42-E2D5A8800385}.Debug|x86.Build.0 = Debug|Win32
		{0329CE94-486D-4152-AD42-E2D5A8800385}.Release|x64.ActiveCfg = Release|x64
		{0329CE94-486D-4152-AD42-E2D5A8800385}.Release|x64.Build.0 = Release|x64
		{0329CE94-486D-4152-AD42-E2D5A8800385}.Release|x86.ActiveCfg = Release|Win32
		{0329CE94-486D-4152-AD42-E2D5A8800385}.Release|x86.Build.0 = Release|Win32
		{A004335C-41E5-4906-8A4E-364F50770A01}.Debug|x64.ActiveCfg = Debug|x64
		{A004335C-41E5-4906-8A4E-364F50770A01}.Debug|x64.Build.0 = Debug|x64
		{A004335C-41E5-4906-8A4E-364F50770A01}.Debug|x86.ActiveCfg = Debug|Win32
		{A004335C-41E5-4906-8A4E-364F50770A01}.Debug|x86.Build.0 = Debug|Win32
		{A004335C-41E5-4906-8A4E-364F50770A01}.Release|x64.ActiveCfg = Release|x64
		{A004335C-41E5-4906-8A4E-364F50770A01}.Release|x64.Build.0 = Release|x64
		{A004335C-41E5-4906-8A4E-364F50770A01}.Release|x86.ActiveCfg = Release|Win32
		{A004335C-41E5-4906-8A4E-364F50770A01}.Release|x86.Build.0 = Release|Win32
		{13EA30E9-405F-44DF-BCE5-0FEA1BB0FF03}.Debug|x64.ActiveCfg = Debug|x64
		{13EA30E9-405F-44DF-BCE5-0FEA1BB0FF03}.Debug|x64.Build.0 = Debug|x64
		{13EA30E9-405F-44DF-BCE5-0FEA1BB0FF03}.Debug|x86.ActiveCfg = Debug|Win32
		{13EA30E9-405F-44DF-BCE5-0FEA1BB0FF03}.Debug|x86.Build.0 = Debug|Win32
		{13EA30E9-405F-44DF-BCE5-0FEA1BB0FF03}.Release|x64.ActiveCfg = Release|x64
		{13EA30E9-405F-44DF-BCE5-0FEA1BB0FF03}.Release|x64.Build.0 = Release|x64
		{13EA30E9-405F-44DF-BCE5-0FEA1BB0FF03}.Release|x86.ActiveCfg = Release|Win32
		{13EA30E9-405F-44DF-BCE5-0FEA1BB0FF03}.Release|x86.Build.0 = Release|Win32
		{D04EDFCA-D3F0-44AB-BD80-616C1943E2C9}.Debug|x64.ActiveCfg = Debug|x64
		{D04EDFCA-D3F0-44AB-BD80-616C1943E2C9}.Debug|x64.Build.0 = Debug|x64
		{D04EDFCA-D3F0-44AB-BD80-616C1943E2C9}.Debug|x86.ActiveCfg = Debug|Win32
		{D04EDFCA-D3F0-44AB-BD80-616C1943E2C9}.Debug|x86.Build.0 = Debug|Win32
		{D04EDFCA-D3F0-44AB-BD80-616C1943E2C9}.Release|x64.ActiveCfg = Release|x64
		{D04EDFCA-D3F0-44AB-BD80-616C1943E2C9}.Release|x64.Build.0 = Release|x64
		{D04EDFCA-D3F0-44AB-BD80-616C1943E2C9}.Release|x86.ActiveCfg = Release|Win32
		{D04EDFCA-D3F0-44AB-BD80-616C1943E2C9}.Release|x86.Build.0 = Release|Win32
		{FF6AD11F-6E5A-4BEF-BC08-4732670919FA}.Debug|x64.ActiveCfg = Debug|x64
		{FF6AD11F-6E5A-4BEF-BC08-4732670919FA}.Debug|x64.Build.0 = Debug|x64
		{FF6AD11F-6E5A-4BEF-BC08-4732670919FA}.Debug|x86.ActiveCfg = Debug|Win32
		{FF6AD11F-6E5A-4BEF-BC08-4732670919FA}.Debug|x86.Build.0 = Debug|Win32
		{FF6AD11F-6E5A-4BEF-BC08-4732670919FA}.Release|x64.ActiveCfg = Release|x64
		{FF6AD11F-6E5A-4BEF-BC08-4732670919FA}.Release|x64.Build.0 = Release|x64
		{FF6AD11F-6E5A-4BEF-BC08-4732670919FA}.Release|x86.ActiveCfg = Release|Win32
		{FF6AD11F-6E5A-4BEF-BC08-4732670919FA}.Release|x86.Build.0 = Release|Win32
		{3D20C75E-9CB3-48B2-A9E1-C35F404B071E}.Debug|x64.ActiveCfg = Debug|x64
		{3D20C75E-9CB3-48B2-A9E1-C35F404B071E}.Debug|x64.Build.0 = Debug|x64
		{3D20C75E-9CB3-48B2-A9E1-C35F404B071E}.Debug|x86.ActiveCfg = Debug|Win32
		{3D20C75E-9CB3-48B2-A9E1-C35F404B071E}.Debug|x86.Build.0 = Debug|Win32
		{3D20C75E-9CB3-48B2-A9E1-C35F404B071E}.Release|x64.ActiveCfg = Release|x64
		{3D20C75E-9CB3-48B2-A9E1-C35F404B071E}.Release|x64.Build.0 = Release|x64
		{3D20C75E-9CB3-48B2-A9E1-C35F404B071E}.Release|x86.ActiveCfg = Release|Win32
		{3D20C75E-9CB3-48B2-A9E1-C35F404B071E}.Release|x86.Build.0 = Release|Win32
		{1A601449-2B79-4784-B629-436AF1E20945}.Debug|x64.ActiveCfg = Debug|x64
		{1A601449-2B79-4784-B629-436AF1E20945}.Debug|x64.Build.0 = Debug|x64
		{1A601449-2B79-4784-B629-436AF1E20945}.Debug|x86.ActiveCfg = Debug|Win32
		{1A601449-2B79-4784-B629-436AF1E20945}.Debug|x86.Build.0 = Debug|Win32
		{1A601449-2B79-4784-B629-436AF1E20945}.Release|x64.ActiveCfg = Release|x64
		{1A601449-2B79-4784-B629-436AF1E20945}.Release|x64.Build.0 = Release|x64
		{1A601449-2B79-4784-B629-436AF1E20945}.Release|x86.ActiveCfg = Release|Win32
		{1A601449-2B79-4784-B629-436AF1E20945}.Release|x86.Build.0 = Release|Win32
		{FBBDE5B6-E509-4A1A-B7B8-64215D110074}.Debug|x64.ActiveCfg = Debug|x64
		{FBBDE5B6-E509-4A1A-B7B8-64215D110074}.Debug|x64.Build.0 = Debug|x64
		{FBBDE5B6-E509-4A1A-B7B8-64215D110074}.Debug|x86.ActiveCfg = Debug|Win32
		{FBBDE5B6-E509-4A1A-B7B8-64215D110074}.Debug|x86.Build.0 = Debug|Win32
		{FBBDE5B6-E509-4A1A-B7B8-64215D110074}.Release|x64.ActiveCfg = Release|x64
		{FBBDE5B6-E509-4A1A-B7B8-64215D110074}.Release|x64.Build.0 = Release|x64
		{FBBDE5B6-E509-4A1A-B7B8-64215D110074}.Release|x86.ActiveCfg = Release|Win32
		{FBBDE5B6-E509-4A1A-B7B8-64215D110074}.Release|x86.Build.0 = Release|Win32
		{E03A6404-1A36-463B-92BD-A9F786F16919}.Debug|x64.ActiveCfg = Debug|x64
		{E03A6404-1A36-463B-92BD-A9F786F16919}.Debug|x64.Build.0 = Debug|x64
		{E03A6404-1A36-463B-92BD-A9F786F16919}.Debug|x86.ActiveCfg = Debug|Win32
		{E03A6404-1A36-463B-92BD-A9F786F16919}.Debug|x86.Build.0 = Debug|Win32
		{E03A6404-1A36-463B-92BD-A9F786F16919}.Release|x64.ActiveCfg = Release|x64
		{E03A6404-1A36-463B-92BD-A9F786F16919}.Release|x64.Build.0 = Release|x64
		{E03A6404-1A36-463B-92BD-A9F786F16919}.Release|x86.ActiveCfg = Release|Win32
		{E03A6404-1A36-463B-92BD-A9F786F16919}.Release|x86.Build.0 = Release|Win32
		{BD4158D2-164A-4622-9549-F25D93B82F02}.Debug|x64.ActiveCfg = Debug|x64
		{BD4158D2-164A-4622-9549-F25D93B82F02}.Debug|x64.Build.0 = Debug|x64
		{BD4158D2-164A-4622-9549-F25D93B82F02}.Debug|x86.ActiveCfg = Debug|Win32
		{BD4158D2-164A-4622-9549-F25D93B82F02}.Debug|x86.Build.0 = Debug|Win32
		{BD4158D2-164A-4622-9549-F25D93B82F02}.Release|x64.ActiveCfg = Release|x64
		{BD4158D2-164A-4622-9549-F25D93B82F02}.Release|x64.Build.0 = Release|x64
		{BD4158D2-164A-4622-9549-F25D93B82F02}.Release|x86.ActiveCfg = Release|Win32
		{BD4158D2-164A-4622-9549-F25D93B82F02}.Release|x86.Build.0 = Release|Win32
	EndGlobalSection
	GlobalSection(SolutionProperties) = preSolution
		HideSolutionNode = FALSE
	EndGlobalSection
	GlobalSection(ExtensibilityGlobals) = postSolution
		SolutionGuid = {21DDEAEE-6BF0-4410-B11A-949784E0A528}
	EndGlobalSection
EndGlobal
