<?xml version="1.0" encoding="utf-8"?>
<Project ToolsVersion="4.0" xmlns="http://schemas.microsoft.com/developer/msbuild/2003">
  <ItemGroup>
    <Filter Include="Source Files">
      <UniqueIdentifier>{4FC737F1-C7A5-4376-A066-2A32D752A2FF}</UniqueIdentifier>
      <Extensions>cpp;c;cc;cxx;c++;cppm;ixx;def;odl;idl;hpj;bat;asm;asmx</Extensions>
    </Filter>
    <Filter Include="Header Files">
      <UniqueIdentifier>{93995380-89BD-4b04-88EB-625FBE52EBFB}</UniqueIdentifier>
      <Extensions>h;hh;hpp;hxx;h++;hm;inl;inc;ipp;xsd</Extensions>
    </Filter>
    <Filter Include="Resource Files">
      <UniqueIdentifier>{67DA6AB6-F800-4c08-8B7A-83BB121AAD01}</UniqueIdentifier>
      <Extensions>rc;ico;cur;bmp;dlg;rc2;rct;bin;rgs;gif;jpg;jpeg;jpe;resx;tiff;tif;png;wav;mfcribbon-ms</Extensions>
    </Filter>
  </ItemGroup>
  <ItemGroup>
    <ClInclude Include="framework.h">
      <Filter>Header Files</Filter>
    </ClInclude>
    <ClInclude Include="pch.h">
      <Filter>Header Files</Filter>
    </ClInclude>
    <ClInclude Include="stu\common\MultipleInheritableEnableSharedFromThis.h">
      <Filter>Header Files</Filter>
    </ClInclude>
    <ClInclude Include="stu\events\Event.h">
      <Filter>Header Files</Filter>
    </ClInclude>
    <ClInclude Include="stu\events\event_manager.h">
      <Filter>Header Files</Filter>
    </ClInclude>
    <ClInclude Include="stu\events\Events.h">
      <Filter>Header Files</Filter>
    </ClInclude>
    <ClInclude Include="stu\events\EventsCommon.h">
      <Filter>Header Files</Filter>
    </ClInclude>
    <ClInclude Include="stu\events\EventSubscriber.h">
      <Filter>Header Files</Filter>
    </ClInclude>
    <ClInclude Include="stu\events\GameObjectEvent.h">
      <Filter>Header Files</Filter>
    </ClInclude>
    <ClInclude Include="stu\events\IEventSubscriber.h">
      <Filter>Header Files</Filter>
    </ClInclude>
    <ClInclude Include="stu\objects\Component.h">
      <Filter>Header Files</Filter>
    </ClInclude>
    <ClInclude Include="stu\Box.h">
      <Filter>Header Files</Filter>
    </ClInclude>
    <ClInclude Include="stu\Common.h">
      <Filter>Header Files</Filter>
    </ClInclude>
    <ClInclude Include="stu\ElementBufferObject.h">
      <Filter>Header Files</Filter>
    </ClInclude>
    <ClInclude Include="stu\FrameBufferRenderObject.h">
      <Filter>Header Files</Filter>
    </ClInclude>
    <ClInclude Include="stu\GameObject.h">
      <Filter>Header Files</Filter>
    </ClInclude>
    <ClInclude Include="stu\InstancedRenderer.h">
      <Filter>Header Files</Filter>
    </ClInclude>
    <ClInclude Include="stu\IShaderProgram.h">
      <Filter>Header Files</Filter>
    </ClInclude>
    <ClInclude Include="stu\Line.h">
      <Filter>Header Files</Filter>
    </ClInclude>
    <ClInclude Include="stu\PerFrame.h">
      <Filter>Header Files</Filter>
    </ClInclude>
    <ClInclude Include="stu\PerFrameOptions.h">
      <Filter>Header Files</Filter>
    </ClInclude>
    <ClInclude Include="stu\PlayerCollisionEvent.h">
      <Filter>Header Files</Filter>
    </ClInclude>
    <ClInclude Include="stu\Renderable.h">
      <Filter>Header Files</Filter>
    </ClInclude>
    <ClInclude Include="stu\Shader.h">
      <Filter>Header Files</Filter>
    </ClInclude>
    <ClInclude Include="stu\ShaderErrorHandling.h">
      <Filter>Header Files</Filter>
    </ClInclude>
    <ClInclude Include="stu\ShaderProgram.h">
      <Filter>Header Files</Filter>
    </ClInclude>
    <ClInclude Include="stu\Square.h">
      <Filter>Header Files</Filter>
    </ClInclude>
    <ClInclude Include="stu\SquareGrid.h">
      <Filter>Header Files</Filter>
    </ClInclude>
    <ClInclude Include="stu\Star.h">
      <Filter>Header Files</Filter>
    </ClInclude>
    <ClInclude Include="stu\StuFrameBufferObject.h">
      <Filter>Header Files</Filter>
    </ClInclude>
    <ClInclude Include="stu\StuTexture.h">
      <Filter>Header Files</Filter>
    </ClInclude>
    <ClInclude Include="stu\TNBHelper.h">
      <Filter>Header Files</Filter>
    </ClInclude>
    <ClInclude Include="stu\Triangle.h">
      <Filter>Header Files</Filter>
    </ClInclude>
    <ClInclude Include="stu\VertexArrayObject.h">
      <Filter>Header Files</Filter>
    </ClInclude>
    <ClInclude Include="stu\VertexAttribute.h">
      <Filter>Header Files</Filter>
    </ClInclude>
    <ClInclude Include="stu\VertexBufferObj.h">
      <Filter>Header Files</Filter>
    </ClInclude>
    <ClInclude Include="stu\Texture.h">
      <Filter>Header Files</Filter>
    </ClInclude>
    <ClInclude Include="include\stu\Shader.h">
      <Filter>Header Files</Filter>
    </ClInclude>
    <ClInclude Include="include\stu\Common.h">
      <Filter>Header Files</Filter>
    </ClInclude>
    <ClInclude Include="include\stu\ShaderErrorHandling.h">
      <Filter>Header Files</Filter>
    </ClInclude>
    <ClInclude Include="include\gamelib\Functions.h">
      <Filter>Header Files</Filter>
    </ClInclude>
  </ItemGroup>
  <ItemGroup>
    <ClCompile Include="dllmain.cpp">
      <Filter>Source Files</Filter>
    </ClCompile>
    <ClCompile Include="pch.cpp">
      <Filter>Source Files</Filter>
    </ClCompile>
    <ClCompile Include="src\gamelib\Functions.cpp">
      <Filter>Source Files</Filter>
    </ClCompile>
  </ItemGroup>
</Project>