<?xml version="1.0" encoding="utf-8"?>
<Project ToolsVersion="4.0" xmlns="http://schemas.microsoft.com/developer/msbuild/2003">
  <ItemGroup>
    <Filter Include="Source Files">
      <UniqueIdentifier>{4FC737F1-C7A5-4376-A066-2A32D752A2FF}</UniqueIdentifier>
      <Extensions>cpp;c;cc;cxx;c++;cppm;ixx;def;odl;idl;hpj;bat;asm;asmx</Extensions>
    </Filter>
    <Filter Include="Header Files">
      <UniqueIdentifier>{93995380-89BD-4b04-88EB-625FBE52EBFB}</UniqueIdentifier>
      <Extensions>h;hh;hpp;hxx;h++;hm;inl;inc;ipp;xsd</Extensions>
    </Filter>
    <Filter Include="Resource Files">
      <UniqueIdentifier>{67DA6AB6-F800-4c08-8B7A-83BB121AAD01}</UniqueIdentifier>
      <Extensions>rc;ico;cur;bmp;dlg;rc2;rct;bin;rgs;gif;jpg;jpeg;jpe;resx;tiff;tif;png;wav;mfcribbon-ms</Extensions>
    </Filter>
  </ItemGroup>
  <ItemGroup>
    <ClInclude Include="include\framework.h">
      <Filter>Header Files</Filter>
    </ClInclude>
    <ClInclude Include="include\pch.h">
      <Filter>Header Files</Filter>
    </ClInclude>
    <ClInclude Include="include\stulib\Box.h">
      <Filter>Header Files</Filter>
    </ClInclude>
    <ClInclude Include="include\stulib\CatmullRom.h">
      <Filter>Header Files</Filter>
    </ClInclude>
    <ClInclude Include="include\stulib\Common.h">
      <Filter>Header Files</Filter>
    </ClInclude>
    <ClInclude Include="include\stulib\Cube.h">
      <Filter>Header Files</Filter>
    </ClInclude>
    <ClInclude Include="include\stulib\ElementBufferObject.h">
      <Filter>Header Files</Filter>
    </ClInclude>
    <ClInclude Include="include\stulib\FrameBufferRenderObject.h">
      <Filter>Header Files</Filter>
    </ClInclude>
    <ClInclude Include="include\stulib\GameObject.h">
      <Filter>Header Files</Filter>
    </ClInclude>
    <ClInclude Include="include\stulib\InstancedRenderer.h">
      <Filter>Header Files</Filter>
    </ClInclude>
    <ClInclude Include="include\stulib\IShaderProgram.h">
      <Filter>Header Files</Filter>
    </ClInclude>
    <ClInclude Include="include\stulib\Line.h">
      <Filter>Header Files</Filter>
    </ClInclude>
    <ClInclude Include="include\stulib\PerFrame.h">
      <Filter>Header Files</Filter>
    </ClInclude>
    <ClInclude Include="include\stulib\PerFrameOptions.h">
      <Filter>Header Files</Filter>
    </ClInclude>
    <ClInclude Include="include\stulib\PlayerCollisionEvent.h">
      <Filter>Header Files</Filter>
    </ClInclude>
    <ClInclude Include="include\stulib\PlayerMovedEvent.h">
      <Filter>Header Files</Filter>
    </ClInclude>
    <ClInclude Include="include\stulib\Renderable.h">
      <Filter>Header Files</Filter>
    </ClInclude>
    <ClInclude Include="include\stulib\Shader.h">
      <Filter>Header Files</Filter>
    </ClInclude>
    <ClInclude Include="include\stulib\ShaderErrorHandling.h">
      <Filter>Header Files</Filter>
    </ClInclude>
    <ClInclude Include="include\stulib\ShaderProgram.h">
      <Filter>Header Files</Filter>
    </ClInclude>
    <ClInclude Include="include\stulib\Square.h">
      <Filter>Header Files</Filter>
    </ClInclude>
    <ClInclude Include="include\stulib\SquareGrid.h">
      <Filter>Header Files</Filter>
    </ClInclude>
    <ClInclude Include="include\stulib\Star.h">
      <Filter>Header Files</Filter>
    </ClInclude>
    <ClInclude Include="include\stulib\StuFrameBufferObject.h">
      <Filter>Header Files</Filter>
    </ClInclude>
    <ClInclude Include="include\stulib\StuTexture.h">
      <Filter>Header Files</Filter>
    </ClInclude>
    <ClInclude Include="include\stulib\TNBHelper.h">
      <Filter>Header Files</Filter>
    </ClInclude>
    <ClInclude Include="include\stulib\Triangle.h">
      <Filter>Header Files</Filter>
    </ClInclude>
    <ClInclude Include="include\stulib\VertexArrayObject.h">
      <Filter>Header Files</Filter>
    </ClInclude>
    <ClInclude Include="include\stulib\VertexAttribute.h">
      <Filter>Header Files</Filter>
    </ClInclude>
    <ClInclude Include="include\stulib\VertexBufferObj.h">
      <Filter>Header Files</Filter>
    </ClInclude>
    <ClInclude Include="include\stulib\objects\Component.h">
      <Filter>Header Files</Filter>
    </ClInclude>
    <ClInclude Include="include\stulib\events\Event.h">
      <Filter>Header Files</Filter>
    </ClInclude>
    <ClInclude Include="include\stulib\events\event_manager.h">
      <Filter>Header Files</Filter>
    </ClInclude>
    <ClInclude Include="include\stulib\events\Events.h">
      <Filter>Header Files</Filter>
    </ClInclude>
    <ClInclude Include="include\stulib\events\EventsCommon.h">
      <Filter>Header Files</Filter>
    </ClInclude>
    <ClInclude Include="include\stulib\events\EventSubscriber.h">
      <Filter>Header Files</Filter>
    </ClInclude>
    <ClInclude Include="include\stulib\events\GameObjectEvent.h">
      <Filter>Header Files</Filter>
    </ClInclude>
    <ClInclude Include="include\stulib\events\IEventSubscriber.h">
      <Filter>Header Files</Filter>
    </ClInclude>
    <ClInclude Include="include\stulib\common\aliases.h">
      <Filter>Header Files</Filter>
    </ClInclude>
    <ClInclude Include="include\stulib\common\Common.h">
      <Filter>Header Files</Filter>
    </ClInclude>
    <ClInclude Include="include\stulib\common\constants.h">
      <Filter>Header Files</Filter>
    </ClInclude>
    <ClInclude Include="include\stulib\common\Logger.h">
      <Filter>Header Files</Filter>
    </ClInclude>
    <ClInclude Include="include\stulib\common\MultipleInheritableEnableSharedFromThis.h">
      <Filter>Header Files</Filter>
    </ClInclude>
    <ClInclude Include="include\stulib\common\static_config.h">
      <Filter>Header Files</Filter>
    </ClInclude>
    <ClInclude Include="include\stulib\common\TypeAliases.h">
      <Filter>Header Files</Filter>
    </ClInclude>
    <ClInclude Include="include\stulib\TestClass.h">
      <Filter>Header Files</Filter>
    </ClInclude>
    <ClInclude Include="include\stulib\TrackSegment.h">
      <Filter>Header Files</Filter>
    </ClInclude>
    <ClInclude Include="include\stulib\TitleScreen.h">
      <Filter>Header Files</Filter>
    </ClInclude>
    <ClInclude Include="include\stulib\Pickup.h">
      <Filter>Header Files</Filter>
    </ClInclude>
    <ClInclude Include="include\stulib\Player.h">
      <Filter>Header Files</Filter>
    </ClInclude>
    <ClInclude Include="include\stulib\InstanceOf.h">
      <Filter>Header Files</Filter>
    </ClInclude>
    <ClInclude Include="include\stulib\House.h">
      <Filter>Header Files</Filter>
    </ClInclude>
    <ClInclude Include="include\stulib\DirectionalLight.h">
      <Filter>Header Files</Filter>
    </ClInclude>
    <ClInclude Include="include\Shapes.h">
      <Filter>Header Files</Filter>
    </ClInclude>
    <ClInclude Include="include\stulib\Spotlight.h">
      <Filter>Header Files</Filter>
    </ClInclude>
  </ItemGroup>
  <ItemGroup>
    <ClCompile Include="src\stulib\Stulib.cpp">
      <Filter>Source Files</Filter>
    </ClCompile>
    <ClCompile Include="src\pch.cpp">
      <Filter>Source Files</Filter>
    </ClCompile>
    <ClCompile Include="src\stulib\Box.cpp">
      <Filter>Source Files</Filter>
    </ClCompile>
    <ClCompile Include="src\stulib\CatmullRom.cpp">
      <Filter>Source Files</Filter>
    </ClCompile>
    <ClCompile Include="src\stulib\Cube.cpp">
      <Filter>Source Files</Filter>
    </ClCompile>
    <ClCompile Include="src\stulib\ElementBufferObject.cpp">
      <Filter>Source Files</Filter>
    </ClCompile>
    <ClCompile Include="src\stulib\FrameBufferRenderObject.cpp">
      <Filter>Source Files</Filter>
    </ClCompile>
    <ClCompile Include="src\stulib\GameObject.cpp">
      <Filter>Source Files</Filter>
    </ClCompile>
    <ClCompile Include="src\stulib\InstancedRenderer.cpp">
      <Filter>Source Files</Filter>
    </ClCompile>
    <ClCompile Include="src\stulib\Line.cpp">
      <Filter>Source Files</Filter>
    </ClCompile>
    <ClCompile Include="src\stulib\PerFrame.cpp">
      <Filter>Source Files</Filter>
    </ClCompile>
    <ClCompile Include="src\stulib\PerFrameOptions.cpp">
      <Filter>Source Files</Filter>
    </ClCompile>
    <ClCompile Include="src\stulib\PlayerCollisionEvent.cpp">
      <Filter>Source Files</Filter>
    </ClCompile>
    <ClCompile Include="src\stulib\Renderable.cpp">
      <Filter>Source Files</Filter>
    </ClCompile>
    <ClCompile Include="src\stulib\Shader.cpp">
      <Filter>Source Files</Filter>
    </ClCompile>
    <ClCompile Include="src\stulib\ShaderProgram.cpp">
      <Filter>Source Files</Filter>
    </ClCompile>
    <ClCompile Include="src\stulib\Square.cpp">
      <Filter>Source Files</Filter>
    </ClCompile>
    <ClCompile Include="src\stulib\SquareGrid.cpp">
      <Filter>Source Files</Filter>
    </ClCompile>
    <ClCompile Include="src\stulib\Star.cpp">
      <Filter>Source Files</Filter>
    </ClCompile>
    <ClCompile Include="src\stulib\StuFrameBufferObject.cpp">
      <Filter>Source Files</Filter>
    </ClCompile>
    <ClCompile Include="src\stulib\StuTexture.cpp">
      <Filter>Source Files</Filter>
    </ClCompile>
    <ClCompile Include="src\stulib\TNBHelper.cpp">
      <Filter>Source Files</Filter>
    </ClCompile>
    <ClCompile Include="src\stulib\Triangle.cpp">
      <Filter>Source Files</Filter>
    </ClCompile>
    <ClCompile Include="src\stulib\VertexArrayObject.cpp">
      <Filter>Source Files</Filter>
    </ClCompile>
    <ClCompile Include="src\stulib\VertexAttribute.cpp">
      <Filter>Source Files</Filter>
    </ClCompile>
    <ClCompile Include="src\stulib\VertexBufferObj.cpp">
      <Filter>Source Files</Filter>
    </ClCompile>
    <ClCompile Include="src\stulib\events\IEventSubscriber.cpp">
      <Filter>Source Files</Filter>
    </ClCompile>
    <ClCompile Include="src\stulib\events\Event.cpp">
      <Filter>Source Files</Filter>
    </ClCompile>
    <ClCompile Include="src\stulib\events\event_manager.cpp">
      <Filter>Source Files</Filter>
    </ClCompile>
    <ClCompile Include="src\stulib\events\EventSubscriber.cpp">
      <Filter>Source Files</Filter>
    </ClCompile>
    <ClCompile Include="src\stulib\events\GameObjectEvent.cpp">
      <Filter>Source Files</Filter>
    </ClCompile>
    <ClCompile Include="src\stulib\objects\Component.cpp">
      <Filter>Source Files</Filter>
    </ClCompile>
    <ClCompile Include="src\stulib\common\MultipleInheritableEnableSharedFromThis.cpp">
      <Filter>Source Files</Filter>
    </ClCompile>
    <ClCompile Include="src\stulib\TestClass.cpp">
      <Filter>Source Files</Filter>
    </ClCompile>
    <ClCompile Include="src\stulib\DirectionalLight.cpp">
      <Filter>Source Files</Filter>
    </ClCompile>
    <ClCompile Include="src\stulib\InstanceOf.cpp">
      <Filter>Source Files</Filter>
    </ClCompile>
    <ClCompile Include="src\stulib\Pickup.cpp">
      <Filter>Source Files</Filter>
    </ClCompile>
    <ClCompile Include="src\stulib\Player.cpp">
      <Filter>Source Files</Filter>
    </ClCompile>
    <ClCompile Include="src\stulib\Spotlight.cpp">
      <Filter>Source Files</Filter>
    </ClCompile>
    <ClCompile Include="src\stulib\TitleScreen.cpp">
      <Filter>Source Files</Filter>
    </ClCompile>
    <ClCompile Include="src\stulib\TrackSegment.cpp">
      <Filter>Source Files</Filter>
    </ClCompile>
    <ClCompile Include="src\stulib\House.cpp">
      <Filter>Source Files</Filter>
    </ClCompile>
    <ClCompile Include="src\stulib\Shapes.cpp">
      <Filter>Source Files</Filter>
    </ClCompile>
  </ItemGroup>
</Project>